// !$*UTF8*$!
{
	archiveVersion = 1;
	classes = {
	};
	objectVersion = 56;
	objects = {

/* Begin PBXBuildFile section */
		93CCF8762B56F31D00B8CF09 /* GuessTheDoodleApp.swift in Sources */ = {isa = PBXBuildFile; fileRef = 93CCF8752B56F31D00B8CF09 /* GuessTheDoodleApp.swift */; };
		93CCF8782B56F31D00B8CF09 /* ContentView.swift in Sources */ = {isa = PBXBuildFile; fileRef = 93CCF8772B56F31D00B8CF09 /* ContentView.swift */; };
		93CCF87A2B56F31E00B8CF09 /* Assets.xcassets in Resources */ = {isa = PBXBuildFile; fileRef = 93CCF8792B56F31E00B8CF09 /* Assets.xcassets */; };
		93CCF87D2B56F31E00B8CF09 /* Preview Assets.xcassets in Resources */ = {isa = PBXBuildFile; fileRef = 93CCF87C2B56F31E00B8CF09 /* Preview Assets.xcassets */; };
		93CCF8842B56F44200B8CF09 /* MainView.swift in Sources */ = {isa = PBXBuildFile; fileRef = 93CCF8832B56F44200B8CF09 /* MainView.swift */; };
		93CCF8862B56F44E00B8CF09 /* MatchManager.swift in Sources */ = {isa = PBXBuildFile; fileRef = 93CCF8852B56F44E00B8CF09 /* MatchManager.swift */; };
		93CCF8882B56F45500B8CF09 /* Misc.swift in Sources */ = {isa = PBXBuildFile; fileRef = 93CCF8872B56F45500B8CF09 /* Misc.swift */; };
		93EE48A82B58432800B91131 /* GameOverView.swift in Sources */ = {isa = PBXBuildFile; fileRef = 93EE48A72B58432800B91131 /* GameOverView.swift */; };
		93EE48AA2B58520200B91131 /* GameView.swift in Sources */ = {isa = PBXBuildFile; fileRef = 93EE48A92B58520200B91131 /* GameView.swift */; };
		93EE48AC2B59524000B91131 /* DrawingView.swift in Sources */ = {isa = PBXBuildFile; fileRef = 93EE48AB2B59524000B91131 /* DrawingView.swift */; };
/* End PBXBuildFile section */

/* Begin PBXFileReference section */
		9306B2452B6159CB00CEA122 /* GuessTheDoodle.entitlements */ = {isa = PBXFileReference; lastKnownFileType = text.plist.entitlements; path = GuessTheDoodle.entitlements; sourceTree = "<group>"; };
		93CCF8722B56F31D00B8CF09 /* GuessTheDoodle.app */ = {isa = PBXFileReference; explicitFileType = wrapper.application; includeInIndex = 0; path = GuessTheDoodle.app; sourceTree = BUILT_PRODUCTS_DIR; };
		93CCF8752B56F31D00B8CF09 /* GuessTheDoodleApp.swift */ = {isa = PBXFileReference; lastKnownFileType = sourcecode.swift; path = GuessTheDoodleApp.swift; sourceTree = "<group>"; };
		93CCF8772B56F31D00B8CF09 /* ContentView.swift */ = {isa = PBXFileReference; lastKnownFileType = sourcecode.swift; path = ContentView.swift; sourceTree = "<group>"; };
		93CCF8792B56F31E00B8CF09 /* Assets.xcassets */ = {isa = PBXFileReference; lastKnownFileType = folder.assetcatalog; path = Assets.xcassets; sourceTree = "<group>"; };
		93CCF87C2B56F31E00B8CF09 /* Preview Assets.xcassets */ = {isa = PBXFileReference; lastKnownFileType = folder.assetcatalog; path = "Preview Assets.xcassets"; sourceTree = "<group>"; };
		93CCF8832B56F44200B8CF09 /* MainView.swift */ = {isa = PBXFileReference; lastKnownFileType = sourcecode.swift; path = MainView.swift; sourceTree = "<group>"; };
		93CCF8852B56F44E00B8CF09 /* MatchManager.swift */ = {isa = PBXFileReference; lastKnownFileType = sourcecode.swift; path = MatchManager.swift; sourceTree = "<group>"; };
		93CCF8872B56F45500B8CF09 /* Misc.swift */ = {isa = PBXFileReference; lastKnownFileType = sourcecode.swift; path = Misc.swift; sourceTree = "<group>"; };
		93EE48A72B58432800B91131 /* GameOverView.swift */ = {isa = PBXFileReference; lastKnownFileType = sourcecode.swift; path = GameOverView.swift; sourceTree = "<group>"; };
		93EE48A92B58520200B91131 /* GameView.swift */ = {isa = PBXFileReference; lastKnownFileType = sourcecode.swift; path = GameView.swift; sourceTree = "<group>"; };
		93EE48AB2B59524000B91131 /* DrawingView.swift */ = {isa = PBXFileReference; lastKnownFileType = sourcecode.swift; path = DrawingView.swift; sourceTree = "<group>"; };
/* End PBXFileReference section */

/* Begin PBXFrameworksBuildPhase section */
		93CCF86F2B56F31D00B8CF09 /* Frameworks */ = {
			isa = PBXFrameworksBuildPhase;
			buildActionMask = 2147483647;
			files = (
			);
			runOnlyForDeploymentPostprocessing = 0;
		};
/* End PBXFrameworksBuildPhase section */

/* Begin PBXGroup section */
		93CCF8692B56F31D00B8CF09 = {
			isa = PBXGroup;
			children = (
				93CCF8742B56F31D00B8CF09 /* GuessTheDoodle */,
				93CCF8832B56F44200B8CF09 /* MainView.swift */,
				93CCF8852B56F44E00B8CF09 /* MatchManager.swift */,
				93EE48A72B58432800B91131 /* GameOverView.swift */,
				93EE48A92B58520200B91131 /* GameView.swift */,
				93EE48AB2B59524000B91131 /* DrawingView.swift */,
				93CCF8872B56F45500B8CF09 /* Misc.swift */,
				93CCF8732B56F31D00B8CF09 /* Products */,
			);
			sourceTree = "<group>";
		};
		93CCF8732B56F31D00B8CF09 /* Products */ = {
			isa = PBXGroup;
			children = (
				93CCF8722B56F31D00B8CF09 /* GuessTheDoodle.app */,
			);
			name = Products;
			sourceTree = "<group>";
		};
		93CCF8742B56F31D00B8CF09 /* GuessTheDoodle */ = {
			isa = PBXGroup;
			children = (
				9306B2452B6159CB00CEA122 /* GuessTheDoodle.entitlements */,
				93CCF8752B56F31D00B8CF09 /* GuessTheDoodleApp.swift */,
				93CCF8772B56F31D00B8CF09 /* ContentView.swift */,
				93CCF8792B56F31E00B8CF09 /* Assets.xcassets */,
				93CCF87B2B56F31E00B8CF09 /* Preview Content */,
			);
			path = GuessTheDoodle;
			sourceTree = "<group>";
		};
		93CCF87B2B56F31E00B8CF09 /* Preview Content */ = {
			isa = PBXGroup;
			children = (
				93CCF87C2B56F31E00B8CF09 /* Preview Assets.xcassets */,
			);
			path = "Preview Content";
			sourceTree = "<group>";
		};
/* End PBXGroup section */

/* Begin PBXNativeTarget section */
		93CCF8712B56F31D00B8CF09 /* GuessTheDoodle */ = {
			isa = PBXNativeTarget;
			buildConfigurationList = 93CCF8802B56F31E00B8CF09 /* Build configuration list for PBXNativeTarget "GuessTheDoodle" */;
			buildPhases = (
				93CCF86E2B56F31D00B8CF09 /* Sources */,
				93CCF86F2B56F31D00B8CF09 /* Frameworks */,
				93CCF8702B56F31D00B8CF09 /* Resources */,
			);
			buildRules = (
			);
			dependencies = (
			);
			name = GuessTheDoodle;
			productName = GuessTheDoodle;
			productReference = 93CCF8722B56F31D00B8CF09 /* GuessTheDoodle.app */;
			productType = "com.apple.product-type.application";
		};
/* End PBXNativeTarget section */

/* Begin PBXProject section */
		93CCF86A2B56F31D00B8CF09 /* Project object */ = {
			isa = PBXProject;
			attributes = {
				BuildIndependentTargetsInParallel = 1;
				LastSwiftUpdateCheck = 1520;
				LastUpgradeCheck = 1520;
				TargetAttributes = {
					93CCF8712B56F31D00B8CF09 = {
						CreatedOnToolsVersion = 15.2;
					};
				};
			};
			buildConfigurationList = 93CCF86D2B56F31D00B8CF09 /* Build configuration list for PBXProject "GuessTheDoodle" */;
			compatibilityVersion = "Xcode 14.0";
			developmentRegion = en;
			hasScannedForEncodings = 0;
			knownRegions = (
				en,
				Base,
			);
			mainGroup = 93CCF8692B56F31D00B8CF09;
			productRefGroup = 93CCF8732B56F31D00B8CF09 /* Products */;
			projectDirPath = "";
			projectRoot = "";
			targets = (
				93CCF8712B56F31D00B8CF09 /* GuessTheDoodle */,
			);
		};
/* End PBXProject section */

/* Begin PBXResourcesBuildPhase section */
		93CCF8702B56F31D00B8CF09 /* Resources */ = {
			isa = PBXResourcesBuildPhase;
			buildActionMask = 2147483647;
			files = (
				93CCF87D2B56F31E00B8CF09 /* Preview Assets.xcassets in Resources */,
				93CCF87A2B56F31E00B8CF09 /* Assets.xcassets in Resources */,
			);
			runOnlyForDeploymentPostprocessing = 0;
		};
/* End PBXResourcesBuildPhase section */

/* Begin PBXSourcesBuildPhase section */
		93CCF86E2B56F31D00B8CF09 /* Sources */ = {
			isa = PBXSourcesBuildPhase;
			buildActionMask = 2147483647;
			files = (
				93CCF8782B56F31D00B8CF09 /* ContentView.swift in Sources */,
				93CCF8862B56F44E00B8CF09 /* MatchManager.swift in Sources */,
				93CCF8842B56F44200B8CF09 /* MainView.swift in Sources */,
				93EE48AC2B59524000B91131 /* DrawingView.swift in Sources */,
				93CCF8882B56F45500B8CF09 /* Misc.swift in Sources */,
				93EE48A82B58432800B91131 /* GameOverView.swift in Sources */,
				93CCF8762B56F31D00B8CF09 /* GuessTheDoodleApp.swift in Sources */,
				93EE48AA2B58520200B91131 /* GameView.swift in Sources */,
			);
			runOnlyForDeploymentPostprocessing = 0;
		};
/* End PBXSourcesBuildPhase section */

/* Begin XCBuildConfiguration section */
		93CCF87E2B56F31E00B8CF09 /* Debug */ = {
			isa = XCBuildConfiguration;
			buildSettings = {
				ALWAYS_SEARCH_USER_PATHS = NO;
				ASSETCATALOG_COMPILER_GENERATE_SWIFT_ASSET_SYMBOL_EXTENSIONS = YES;
				CLANG_ANALYZER_NONNULL = YES;
				CLANG_ANALYZER_NUMBER_OBJECT_CONVERSION = YES_AGGRESSIVE;
				CLANG_CXX_LANGUAGE_STANDARD = "gnu++20";
				CLANG_ENABLE_MODULES = YES;
				CLANG_ENABLE_OBJC_ARC = YES;
				CLANG_ENABLE_OBJC_WEAK = YES;
				CLANG_WARN_BLOCK_CAPTURE_AUTORELEASING = YES;
				CLANG_WARN_BOOL_CONVERSION = YES;
				CLANG_WARN_COMMA = YES;
				CLANG_WARN_CONSTANT_CONVERSION = YES;
				CLANG_WARN_DEPRECATED_OBJC_IMPLEMENTATIONS = YES;
				CLANG_WARN_DIRECT_OBJC_ISA_USAGE = YES_ERROR;
				CLANG_WARN_DOCUMENTATION_COMMENTS = YES;
				CLANG_WARN_EMPTY_BODY = YES;
				CLANG_WARN_ENUM_CONVERSION = YES;
				CLANG_WARN_INFINITE_RECURSION = YES;
				CLANG_WARN_INT_CONVERSION = YES;
				CLANG_WARN_NON_LITERAL_NULL_CONVERSION = YES;
				CLANG_WARN_OBJC_IMPLICIT_RETAIN_SELF = YES;
				CLANG_WARN_OBJC_LITERAL_CONVERSION = YES;
				CLANG_WARN_OBJC_ROOT_CLASS = YES_ERROR;
				CLANG_WARN_QUOTED_INCLUDE_IN_FRAMEWORK_HEADER = YES;
				CLANG_WARN_RANGE_LOOP_ANALYSIS = YES;
				CLANG_WARN_STRICT_PROTOTYPES = YES;
				CLANG_WARN_SUSPICIOUS_MOVE = YES;
				CLANG_WARN_UNGUARDED_AVAILABILITY = YES_AGGRESSIVE;
				CLANG_WARN_UNREACHABLE_CODE = YES;
				CLANG_WARN__DUPLICATE_METHOD_MATCH = YES;
				COPY_PHASE_STRIP = NO;
				DEBUG_INFORMATION_FORMAT = dwarf;
				ENABLE_STRICT_OBJC_MSGSEND = YES;
				ENABLE_TESTABILITY = YES;
				ENABLE_USER_SCRIPT_SANDBOXING = YES;
				GCC_C_LANGUAGE_STANDARD = gnu17;
				GCC_DYNAMIC_NO_PIC = NO;
				GCC_NO_COMMON_BLOCKS = YES;
				GCC_OPTIMIZATION_LEVEL = 0;
				GCC_PREPROCESSOR_DEFINITIONS = (
					"DEBUG=1",
					"$(inherited)",
				);
				GCC_WARN_64_TO_32_BIT_CONVERSION = YES;
				GCC_WARN_ABOUT_RETURN_TYPE = YES_ERROR;
				GCC_WARN_UNDECLARED_SELECTOR = YES;
				GCC_WARN_UNINITIALIZED_AUTOS = YES_AGGRESSIVE;
				GCC_WARN_UNUSED_FUNCTION = YES;
				GCC_WARN_UNUSED_VARIABLE = YES;
				IPHONEOS_DEPLOYMENT_TARGET = 17.2;
				LOCALIZATION_PREFERS_STRING_CATALOGS = YES;
				MTL_ENABLE_DEBUG_INFO = INCLUDE_SOURCE;
				MTL_FAST_MATH = YES;
				ONLY_ACTIVE_ARCH = YES;
				SDKROOT = iphoneos;
				SWIFT_ACTIVE_COMPILATION_CONDITIONS = "DEBUG $(inherited)";
				SWIFT_OPTIMIZATION_LEVEL = "-Onone";
			};
			name = Debug;
		};
		93CCF87F2B56F31E00B8CF09 /* Release */ = {
			isa = XCBuildConfiguration;
			buildSettings = {
				ALWAYS_SEARCH_USER_PATHS = NO;
				ASSETCATALOG_COMPILER_GENERATE_SWIFT_ASSET_SYMBOL_EXTENSIONS = YES;
				CLANG_ANALYZER_NONNULL = YES;
				CLANG_ANALYZER_NUMBER_OBJECT_CONVERSION = YES_AGGRESSIVE;
				CLANG_CXX_LANGUAGE_STANDARD = "gnu++20";
				CLANG_ENABLE_MODULES = YES;
				CLANG_ENABLE_OBJC_ARC = YES;
				CLANG_ENABLE_OBJC_WEAK = YES;
				CLANG_WARN_BLOCK_CAPTURE_AUTORELEASING = YES;
				CLANG_WARN_BOOL_CONVERSION = YES;
				CLANG_WARN_COMMA = YES;
				CLANG_WARN_CONSTANT_CONVERSION = YES;
				CLANG_WARN_DEPRECATED_OBJC_IMPLEMENTATIONS = YES;
				CLANG_WARN_DIRECT_OBJC_ISA_USAGE = YES_ERROR;
				CLANG_WARN_DOCUMENTATION_COMMENTS = YES;
				CLANG_WARN_EMPTY_BODY = YES;
				CLANG_WARN_ENUM_CONVERSION = YES;
				CLANG_WARN_INFINITE_RECURSION = YES;
				CLANG_WARN_INT_CONVERSION = YES;
				CLANG_WARN_NON_LITERAL_NULL_CONVERSION = YES;
				CLANG_WARN_OBJC_IMPLICIT_RETAIN_SELF = YES;
				CLANG_WARN_OBJC_LITERAL_CONVERSION = YES;
				CLANG_WARN_OBJC_ROOT_CLASS = YES_ERROR;
				CLANG_WARN_QUOTED_INCLUDE_IN_FRAMEWORK_HEADER = YES;
				CLANG_WARN_RANGE_LOOP_ANALYSIS = YES;
				CLANG_WARN_STRICT_PROTOTYPES = YES;
				CLANG_WARN_SUSPICIOUS_MOVE = YES;
				CLANG_WARN_UNGUARDED_AVAILABILITY = YES_AGGRESSIVE;
				CLANG_WARN_UNREACHABLE_CODE = YES;
				CLANG_WARN__DUPLICATE_METHOD_MATCH = YES;
				COPY_PHASE_STRIP = NO;
				DEBUG_INFORMATION_FORMAT = "dwarf-with-dsym";
				ENABLE_NS_ASSERTIONS = NO;
				ENABLE_STRICT_OBJC_MSGSEND = YES;
				ENABLE_USER_SCRIPT_SANDBOXING = YES;
				GCC_C_LANGUAGE_STANDARD = gnu17;
				GCC_NO_COMMON_BLOCKS = YES;
				GCC_WARN_64_TO_32_BIT_CONVERSION = YES;
				GCC_WARN_ABOUT_RETURN_TYPE = YES_ERROR;
				GCC_WARN_UNDECLARED_SELECTOR = YES;
				GCC_WARN_UNINITIALIZED_AUTOS = YES_AGGRESSIVE;
				GCC_WARN_UNUSED_FUNCTION = YES;
				GCC_WARN_UNUSED_VARIABLE = YES;
				IPHONEOS_DEPLOYMENT_TARGET = 17.2;
				LOCALIZATION_PREFERS_STRING_CATALOGS = YES;
				MTL_ENABLE_DEBUG_INFO = NO;
				MTL_FAST_MATH = YES;
				SDKROOT = iphoneos;
				SWIFT_COMPILATION_MODE = wholemodule;
				VALIDATE_PRODUCT = YES;
			};
			name = Release;
		};
		93CCF8812B56F31E00B8CF09 /* Debug */ = {
			isa = XCBuildConfiguration;
			buildSettings = {
				ASSETCATALOG_COMPILER_APPICON_NAME = AppIcon;
				ASSETCATALOG_COMPILER_GLOBAL_ACCENT_COLOR_NAME = AccentColor;
				CODE_SIGN_ENTITLEMENTS = GuessTheDoodle/GuessTheDoodle.entitlements;
				CODE_SIGN_STYLE = Automatic;
				CURRENT_PROJECT_VERSION = 1;
				DEVELOPMENT_ASSET_PATHS = "\"GuessTheDoodle/Preview Content\"";
				DEVELOPMENT_TEAM = 63ZB4894ZK;
				ENABLE_PREVIEWS = YES;
				GENERATE_INFOPLIST_FILE = YES;
				INFOPLIST_KEY_UIApplicationSceneManifest_Generation = YES;
				INFOPLIST_KEY_UIApplicationSupportsIndirectInputEvents = YES;
				INFOPLIST_KEY_UILaunchScreen_Generation = YES;
				INFOPLIST_KEY_UISupportedInterfaceOrientations_iPad = "UIInterfaceOrientationPortrait UIInterfaceOrientationPortraitUpsideDown UIInterfaceOrientationLandscapeLeft UIInterfaceOrientationLandscapeRight";
				INFOPLIST_KEY_UISupportedInterfaceOrientations_iPhone = "UIInterfaceOrientationPortrait UIInterfaceOrientationLandscapeLeft UIInterfaceOrientationLandscapeRight";
				LD_RUNPATH_SEARCH_PATHS = (
					"$(inherited)",
					"@executable_path/Frameworks",
				);
				MARKETING_VERSION = 1.0;
				PRODUCT_BUNDLE_IDENTIFIER = com.testapp.GuessTheDoodle;
				PRODUCT_NAME = "$(TARGET_NAME)";
				SWIFT_EMIT_LOC_STRINGS = YES;
				SWIFT_VERSION = 5.0;
				TARGETED_DEVICE_FAMILY = "1,2";
			};
			name = Debug;
		};
		93CCF8822B56F31E00B8CF09 /* Release */ = {
			isa = XCBuildConfiguration;
			buildSettings = {
				ASSETCATALOG_COMPILER_APPICON_NAME = AppIcon;
				ASSETCATALOG_COMPILER_GLOBAL_ACCENT_COLOR_NAME = AccentColor;
				CODE_SIGN_ENTITLEMENTS = GuessTheDoodle/GuessTheDoodle.entitlements;
				CODE_SIGN_STYLE = Automatic;
				CURRENT_PROJECT_VERSION = 1;
				DEVELOPMENT_ASSET_PATHS = "\"GuessTheDoodle/Preview Content\"";
				DEVELOPMENT_TEAM = 63ZB4894ZK;
				ENABLE_PREVIEWS = YES;
				GENERATE_INFOPLIST_FILE = YES;
				INFOPLIST_KEY_UIApplicationSceneManifest_Generation = YES;
				INFOPLIST_KEY_UIApplicationSupportsIndirectInputEvents = YES;
				INFOPLIST_KEY_UILaunchScreen_Generation = YES;
				INFOPLIST_KEY_UISupportedInterfaceOrientations_iPad = "UIInterfaceOrientationPortrait UIInterfaceOrientationPortraitUpsideDown UIInterfaceOrientationLandscapeLeft UIInterfaceOrientationLandscapeRight";
				INFOPLIST_KEY_UISupportedInterfaceOrientations_iPhone = "UIInterfaceOrientationPortrait UIInterfaceOrientationLandscapeLeft UIInterfaceOrientationLandscapeRight";
				LD_RUNPATH_SEARCH_PATHS = (
					"$(inherited)",
					"@executable_path/Frameworks",
				);
				MARKETING_VERSION = 1.0;
				PRODUCT_BUNDLE_IDENTIFIER = com.testapp.GuessTheDoodle;
				PRODUCT_NAME = "$(TARGET_NAME)";
				SWIFT_EMIT_LOC_STRINGS = YES;
				SWIFT_VERSION = 5.0;
				TARGETED_DEVICE_FAMILY = "1,2";
			};
			name = Release;
		};
/* End XCBuildConfiguration section */

/* Begin XCConfigurationList section */
		93CCF86D2B56F31D00B8CF09 /* Build configuration list for PBXProject "GuessTheDoodle" */ = {
			isa = XCConfigurationList;
			buildConfigurations = (
				93CCF87E2B56F31E00B8CF09 /* Debug */,
				93CCF87F2B56F31E00B8CF09 /* Release */,
			);
			defaultConfigurationIsVisible = 0;
			defaultConfigurationName = Release;
		};
		93CCF8802B56F31E00B8CF09 /* Build configuration list for PBXNativeTarget "GuessTheDoodle" */ = {
			isa = XCConfigurationList;
			buildConfigurations = (
				93CCF8812B56F31E00B8CF09 /* Debug */,
				93CCF8822B56F31E00B8CF09 /* Release */,
			);
			defaultConfigurationIsVisible = 0;
			defaultConfigurationName = Release;
		};
/* End XCConfigurationList section */
	};
	rootObject = 93CCF86A2B56F31D00B8CF09 /* Project object */;
}
